
Microsoft Visual Studio Solution File, Format Version 12.00
# Visual Studio Version 17
VisualStudioVersion = 17.10.34916.146
MinimumVisualStudioVersion = 10.0.40219.1
Project("{8BC9CEB8-8B4A-11D0-8D11-00A0C91BC942}") = "Lab-6", "Lab-6\Lab-6.vcxproj", "{03FA8B77-C218-4609-93E2-3B44449F867A}"
EndProject
Global
	GlobalSection(SolutionConfigurationPlatforms) = preSolution
		Debug|x64 = Debug|x64
		Debug|x86 = Debug|x86
		Release|x64 = Release|x64
		Release|x86 = Release|x86
	EndGlobalSection
	GlobalSection(ProjectConfigurationPlatforms) = postSolution
		{03FA8B77-C218-4609-93E2-3B44449F867A}.Debug|x64.ActiveCfg = Debug|x64
		{03FA8B77-C218-4609-93E2-3B44449F867A}.Debug|x64.Build.0 = Debug|x64
		{03FA8B77-C218-4609-93E2-3B44449F867A}.Debug|x86.ActiveCfg = Debug|Win32
		{03FA8B77-C218-4609-93E2-3B44449F867A}.Debug|x86.Build.0 = Debug|Win32
		{03FA8B77-C218-4609-93E2-3B44449F867A}.Release|x64.ActiveCfg = Release|x64
		{03FA8B77-C218-4609-93E2-3B44449F867A}.Release|x64.Build.0 = Release|x64
		{03FA8B77-C218-4609-93E2-3B44449F867A}.Release|x86.ActiveCfg = Release|Win32
		{03FA8B77-C218-4609-93E2-3B44449F867A}.Release|x86.Build.0 = Release|Win32
	EndGlobalSection
	GlobalSection(SolutionProperties) = preSolution
		HideSolutionNode = FALSE
	EndGlobalSection
	GlobalSection(ExtensibilityGlobals) = postSolution
		SolutionGuid = {1F1383FE-DF97-40D8-B9E2-B2E1F51F2E47}
	EndGlobalSection
EndGlobal
