
Microsoft Visual Studio Solution File, Format Version 12.00
# Visual Studio Version 17
VisualStudioVersion = 17.10.34916.146
MinimumVisualStudioVersion = 10.0.40219.1
Project("{FAE04EC0-301F-11D3-BF4B-00C04F79EFBC}") = "Lab-2", "Lab-2\Lab-2.csproj", "{2A061075-92E7-44D1-AB31-91C053733D2C}"
EndProject
Global
	GlobalSection(SolutionConfigurationPlatforms) = preSolution
		Debug|Any CPU = Debug|Any CPU
		Release|Any CPU = Release|Any CPU
	EndGlobalSection
	GlobalSection(ProjectConfigurationPlatforms) = postSolution
		{2A061075-92E7-44D1-AB31-91C053733D2C}.Debug|Any CPU.ActiveCfg = Debug|Any CPU
		{2A061075-92E7-44D1-AB31-91C053733D2C}.Debug|Any CPU.Build.0 = Debug|Any CPU
		{2A061075-92E7-44D1-AB31-91C053733D2C}.Release|Any CPU.ActiveCfg = Release|Any CPU
		{2A061075-92E7-44D1-AB31-91C053733D2C}.Release|Any CPU.Build.0 = Release|Any CPU
	EndGlobalSection
	GlobalSection(SolutionProperties) = preSolution
		HideSolutionNode = FALSE
	EndGlobalSection
	GlobalSection(ExtensibilityGlobals) = postSolution
		SolutionGuid = {069C505E-98DD-4D2D-AF89-82CB4A85FB94}
	EndGlobalSection
EndGlobal
